
Microsoft Visual Studio Solution File, Format Version 12.00
# Visual Studio Version 16
VisualStudioVersion = 16.0.30114.105
MinimumVisualStudioVersion = 10.0.40219.1
Project("{FAE04EC0-301F-11D3-BF4B-00C04F79EFBC}") = "Cadastro_api", "Cadastro_api\Cadastro_api.csproj", "{F25A9FE2-E7FC-43E9-9EDC-A40EDDB1029D}"
EndProject
Project("{FAE04EC0-301F-11D3-BF4B-00C04F79EFBC}") = "Cadastro_series", "..\Projeto_Cadastro_Series\Cadastro_series\Cadastro_series.csproj", "{BEF7BC3A-CBA9-43BB-859D-724EE4BF1FA0}"
EndProject
Global
	GlobalSection(SolutionConfigurationPlatforms) = preSolution
		Debug|Any CPU = Debug|Any CPU
		Release|Any CPU = Release|Any CPU
	EndGlobalSection
	GlobalSection(SolutionProperties) = preSolution
		HideSolutionNode = FALSE
	EndGlobalSection
	GlobalSection(ProjectConfigurationPlatforms) = postSolution
		{F25A9FE2-E7FC-43E9-9EDC-A40EDDB1029D}.Debug|Any CPU.ActiveCfg = Debug|Any CPU
		{F25A9FE2-E7FC-43E9-9EDC-A40EDDB1029D}.Debug|Any CPU.Build.0 = Debug|Any CPU
		{F25A9FE2-E7FC-43E9-9EDC-A40EDDB1029D}.Release|Any CPU.ActiveCfg = Release|Any CPU
		{F25A9FE2-E7FC-43E9-9EDC-A40EDDB1029D}.Release|Any CPU.Build.0 = Release|Any CPU
		{BEF7BC3A-CBA9-43BB-859D-724EE4BF1FA0}.Debug|Any CPU.ActiveCfg = Debug|Any CPU
		{BEF7BC3A-CBA9-43BB-859D-724EE4BF1FA0}.Debug|Any CPU.Build.0 = Debug|Any CPU
		{BEF7BC3A-CBA9-43BB-859D-724EE4BF1FA0}.Release|Any CPU.ActiveCfg = Release|Any CPU
		{BEF7BC3A-CBA9-43BB-859D-724EE4BF1FA0}.Release|Any CPU.Build.0 = Release|Any CPU
	EndGlobalSection
EndGlobal
